
Microsoft Visual Studio Solution File, Format Version 12.00
Project("{2150E333-8FDC-42A3-9474-1A3956D46DE8}") = "src", "src", "{7D0848D9-59B5-4E52-9073-8B93D55FF4A1}"
EndProject
Project("{2150E333-8FDC-42A3-9474-1A3956D46DE8}") = "test", "test", "{BD8954AE-377B-4271-9D63-BEBBA611D578}"
EndProject
Project("{FAE04EC0-301F-11D3-BF4B-00C04F79EFBC}") = "Fintracker.Domain", "Fintracker.Domain\Fintracker.Domain.csproj", "{39A84CF4-EEE5-4F16-A6AD-F7A6DEE02293}"
EndProject
Project("{FAE04EC0-301F-11D3-BF4B-00C04F79EFBC}") = "Fintracker.Application", "Fintracker.Application\Fintracker.Application.csproj", "{0BF7319C-498C-4048-BF66-A9D09B20BAB4}"
EndProject
Project("{FAE04EC0-301F-11D3-BF4B-00C04F79EFBC}") = "Fintracker.Persistence", "Fintracker.Persistence\Fintracker.Persistence.csproj", "{F0088FFA-50FD-46A7-9AD1-6A4C4AA2D707}"
EndProject
Project("{FAE04EC0-301F-11D3-BF4B-00C04F79EFBC}") = "Fintracker.API", "Fintracker.API\Fintracker.API.csproj", "{78CA3C07-D942-48AE-95AB-88B8B70F317B}"
EndProject
Project("{FAE04EC0-301F-11D3-BF4B-00C04F79EFBC}") = "TestProject1Fintracker.TEST", "TestProject1Fintracker.TEST\TestProject1Fintracker.TEST.csproj", "{1477C6D7-1C29-43FA-9425-A1B38ED92683}"
EndProject
Project("{2150E333-8FDC-42A3-9474-1A3956D46DE8}") = "API", "API", "{E6006918-6F2F-4838-9327-A24324754D5E}"
EndProject
Project("{2150E333-8FDC-42A3-9474-1A3956D46DE8}") = "Core", "Core", "{26B44DFE-55F0-41A5-8E42-56D53325BAAF}"
EndProject
Project("{2150E333-8FDC-42A3-9474-1A3956D46DE8}") = "Infrastructure", "Infrastructure", "{C42C33AD-7EAC-4597-A93F-CD70F63613E2}"
EndProject
Project("{2150E333-8FDC-42A3-9474-1A3956D46DE8}") = "UI", "UI", "{F25B0B09-E674-4C1A-9A60-D82C794BDFDF}"
EndProject
Global
	GlobalSection(SolutionConfigurationPlatforms) = preSolution
		Debug|Any CPU = Debug|Any CPU
		Release|Any CPU = Release|Any CPU
	EndGlobalSection
	GlobalSection(NestedProjects) = preSolution
		{1477C6D7-1C29-43FA-9425-A1B38ED92683} = {BD8954AE-377B-4271-9D63-BEBBA611D578}
		{E6006918-6F2F-4838-9327-A24324754D5E} = {7D0848D9-59B5-4E52-9073-8B93D55FF4A1}
		{78CA3C07-D942-48AE-95AB-88B8B70F317B} = {E6006918-6F2F-4838-9327-A24324754D5E}
		{26B44DFE-55F0-41A5-8E42-56D53325BAAF} = {7D0848D9-59B5-4E52-9073-8B93D55FF4A1}
		{0BF7319C-498C-4048-BF66-A9D09B20BAB4} = {26B44DFE-55F0-41A5-8E42-56D53325BAAF}
		{39A84CF4-EEE5-4F16-A6AD-F7A6DEE02293} = {26B44DFE-55F0-41A5-8E42-56D53325BAAF}
		{C42C33AD-7EAC-4597-A93F-CD70F63613E2} = {7D0848D9-59B5-4E52-9073-8B93D55FF4A1}
		{F0088FFA-50FD-46A7-9AD1-6A4C4AA2D707} = {C42C33AD-7EAC-4597-A93F-CD70F63613E2}
		{F25B0B09-E674-4C1A-9A60-D82C794BDFDF} = {7D0848D9-59B5-4E52-9073-8B93D55FF4A1}
	EndGlobalSection
	GlobalSection(ProjectConfigurationPlatforms) = postSolution
		{39A84CF4-EEE5-4F16-A6AD-F7A6DEE02293}.Debug|Any CPU.ActiveCfg = Debug|Any CPU
		{39A84CF4-EEE5-4F16-A6AD-F7A6DEE02293}.Debug|Any CPU.Build.0 = Debug|Any CPU
		{39A84CF4-EEE5-4F16-A6AD-F7A6DEE02293}.Release|Any CPU.ActiveCfg = Release|Any CPU
		{39A84CF4-EEE5-4F16-A6AD-F7A6DEE02293}.Release|Any CPU.Build.0 = Release|Any CPU
		{0BF7319C-498C-4048-BF66-A9D09B20BAB4}.Debug|Any CPU.ActiveCfg = Debug|Any CPU
		{0BF7319C-498C-4048-BF66-A9D09B20BAB4}.Debug|Any CPU.Build.0 = Debug|Any CPU
		{0BF7319C-498C-4048-BF66-A9D09B20BAB4}.Release|Any CPU.ActiveCfg = Release|Any CPU
		{0BF7319C-498C-4048-BF66-A9D09B20BAB4}.Release|Any CPU.Build.0 = Release|Any CPU
		{F0088FFA-50FD-46A7-9AD1-6A4C4AA2D707}.Debug|Any CPU.ActiveCfg = Debug|Any CPU
		{F0088FFA-50FD-46A7-9AD1-6A4C4AA2D707}.Debug|Any CPU.Build.0 = Debug|Any CPU
		{F0088FFA-50FD-46A7-9AD1-6A4C4AA2D707}.Release|Any CPU.ActiveCfg = Release|Any CPU
		{F0088FFA-50FD-46A7-9AD1-6A4C4AA2D707}.Release|Any CPU.Build.0 = Release|Any CPU
		{78CA3C07-D942-48AE-95AB-88B8B70F317B}.Debug|Any CPU.ActiveCfg = Debug|Any CPU
		{78CA3C07-D942-48AE-95AB-88B8B70F317B}.Debug|Any CPU.Build.0 = Debug|Any CPU
		{78CA3C07-D942-48AE-95AB-88B8B70F317B}.Release|Any CPU.ActiveCfg = Release|Any CPU
		{78CA3C07-D942-48AE-95AB-88B8B70F317B}.Release|Any CPU.Build.0 = Release|Any CPU
		{1477C6D7-1C29-43FA-9425-A1B38ED92683}.Debug|Any CPU.ActiveCfg = Debug|Any CPU
		{1477C6D7-1C29-43FA-9425-A1B38ED92683}.Debug|Any CPU.Build.0 = Debug|Any CPU
		{1477C6D7-1C29-43FA-9425-A1B38ED92683}.Release|Any CPU.ActiveCfg = Release|Any CPU
		{1477C6D7-1C29-43FA-9425-A1B38ED92683}.Release|Any CPU.Build.0 = Release|Any CPU
	EndGlobalSection
EndGlobal
